
Microsoft Visual Studio Solution File, Format Version 12.00
# Visual Studio Version 17
VisualStudioVersion = 17.2.32616.157
MinimumVisualStudioVersion = 10.0.40219.1
Project("{2150E333-8FDC-42A3-9474-1A3956D46DE8}") = "Core", "Core", "{84E35F9C-564B-4D0E-833B-8816297C07A9}"
EndProject
Project("{9A19103F-16F7-4668-BE54-9A1E7A4F7556}") = "ETicaretAPI.Domain", "Core\ETicaretAPI.Domain\ETicaretAPI.Domain.csproj", "{133E3003-43E8-4ED6-8B56-26E2F34C68FB}"
EndProject
Project("{9A19103F-16F7-4668-BE54-9A1E7A4F7556}") = "ETicaretAPI.Application", "Core\ETicaretAPI.Application\ETicaretAPI.Application.csproj", "{69BEE6D6-939E-48EE-82FD-FF5A1C00B825}"
EndProject
Project("{2150E333-8FDC-42A3-9474-1A3956D46DE8}") = "Infastructure", "Infastructure", "{D98DD3AF-02CE-428D-9C09-1D823CE61E1C}"
EndProject
Project("{9A19103F-16F7-4668-BE54-9A1E7A4F7556}") = "ETicaretAPI.Infrastructure", "Infrastructure\ETicaretAPI.Infrastructure\ETicaretAPI.Infrastructure.csproj", "{5ED74E86-6017-477A-BEA4-BDFBCB9AC2FC}"
EndProject
Project("{9A19103F-16F7-4668-BE54-9A1E7A4F7556}") = "ETicaretAPI.Persistence", "Infrastructure\ETicaretAPI.Persistence\ETicaretAPI.Persistence.csproj", "{57689F15-8E32-4BB7-A929-1578CE09E81D}"
EndProject
Project("{2150E333-8FDC-42A3-9474-1A3956D46DE8}") = "Presentation", "Presentation", "{CF3CB200-641A-4EAD-B908-78867B21E475}"
EndProject
Project("{9A19103F-16F7-4668-BE54-9A1E7A4F7556}") = "ETicaretAPI.API", "Presentation\ETicaretAPI.API\ETicaretAPI.API.csproj", "{2FCA838E-B5F6-4F21-B620-BD8F5C87AD2E}"
EndProject
Project("{2150E333-8FDC-42A3-9474-1A3956D46DE8}") = "Solution Items", "Solution Items", "{42C9F53F-4366-43F3-AB36-08D85691B8BC}"
	ProjectSection(SolutionItems) = preProject
		.editorconfig = .editorconfig
	EndProjectSection
EndProject
Global
	GlobalSection(SolutionConfigurationPlatforms) = preSolution
		Debug|Any CPU = Debug|Any CPU
		Release|Any CPU = Release|Any CPU
	EndGlobalSection
	GlobalSection(ProjectConfigurationPlatforms) = postSolution
		{133E3003-43E8-4ED6-8B56-26E2F34C68FB}.Debug|Any CPU.ActiveCfg = Debug|Any CPU
		{133E3003-43E8-4ED6-8B56-26E2F34C68FB}.Debug|Any CPU.Build.0 = Debug|Any CPU
		{133E3003-43E8-4ED6-8B56-26E2F34C68FB}.Release|Any CPU.ActiveCfg = Release|Any CPU
		{133E3003-43E8-4ED6-8B56-26E2F34C68FB}.Release|Any CPU.Build.0 = Release|Any CPU
		{69BEE6D6-939E-48EE-82FD-FF5A1C00B825}.Debug|Any CPU.ActiveCfg = Debug|Any CPU
		{69BEE6D6-939E-48EE-82FD-FF5A1C00B825}.Debug|Any CPU.Build.0 = Debug|Any CPU
		{69BEE6D6-939E-48EE-82FD-FF5A1C00B825}.Release|Any CPU.ActiveCfg = Release|Any CPU
		{69BEE6D6-939E-48EE-82FD-FF5A1C00B825}.Release|Any CPU.Build.0 = Release|Any CPU
		{5ED74E86-6017-477A-BEA4-BDFBCB9AC2FC}.Debug|Any CPU.ActiveCfg = Debug|Any CPU
		{5ED74E86-6017-477A-BEA4-BDFBCB9AC2FC}.Debug|Any CPU.Build.0 = Debug|Any CPU
		{5ED74E86-6017-477A-BEA4-BDFBCB9AC2FC}.Release|Any CPU.ActiveCfg = Release|Any CPU
		{5ED74E86-6017-477A-BEA4-BDFBCB9AC2FC}.Release|Any CPU.Build.0 = Release|Any CPU
		{57689F15-8E32-4BB7-A929-1578CE09E81D}.Debug|Any CPU.ActiveCfg = Debug|Any CPU
		{57689F15-8E32-4BB7-A929-1578CE09E81D}.Debug|Any CPU.Build.0 = Debug|Any CPU
		{57689F15-8E32-4BB7-A929-1578CE09E81D}.Release|Any CPU.ActiveCfg = Release|Any CPU
		{57689F15-8E32-4BB7-A929-1578CE09E81D}.Release|Any CPU.Build.0 = Release|Any CPU
		{2FCA838E-B5F6-4F21-B620-BD8F5C87AD2E}.Debug|Any CPU.ActiveCfg = Debug|Any CPU
		{2FCA838E-B5F6-4F21-B620-BD8F5C87AD2E}.Debug|Any CPU.Build.0 = Debug|Any CPU
		{2FCA838E-B5F6-4F21-B620-BD8F5C87AD2E}.Release|Any CPU.ActiveCfg = Release|Any CPU
		{2FCA838E-B5F6-4F21-B620-BD8F5C87AD2E}.Release|Any CPU.Build.0 = Release|Any CPU
	EndGlobalSection
	GlobalSection(SolutionProperties) = preSolution
		HideSolutionNode = FALSE
	EndGlobalSection
	GlobalSection(NestedProjects) = preSolution
		{133E3003-43E8-4ED6-8B56-26E2F34C68FB} = {84E35F9C-564B-4D0E-833B-8816297C07A9}
		{69BEE6D6-939E-48EE-82FD-FF5A1C00B825} = {84E35F9C-564B-4D0E-833B-8816297C07A9}
		{5ED74E86-6017-477A-BEA4-BDFBCB9AC2FC} = {D98DD3AF-02CE-428D-9C09-1D823CE61E1C}
		{57689F15-8E32-4BB7-A929-1578CE09E81D} = {D98DD3AF-02CE-428D-9C09-1D823CE61E1C}
		{2FCA838E-B5F6-4F21-B620-BD8F5C87AD2E} = {CF3CB200-641A-4EAD-B908-78867B21E475}
	EndGlobalSection
	GlobalSection(ExtensibilityGlobals) = postSolution
		SolutionGuid = {22B2BAED-23FE-4AFB-8F1E-79C084563465}
	EndGlobalSection
EndGlobal
